// !$*UTF8*$!
{
	archiveVersion = 1;
	classes = {
	};
	objectVersion = 46;
	objects = {

/* Begin PBXBuildFile section */
		1D3C2A5E1E693E1400A9747A /* ViewRecomendacion.swift in Sources */ = {isa = PBXBuildFile; fileRef = 1D3C2A5D1E693E1200A9747A /* ViewRecomendacion.swift */; };
		85426CF21E57796E0070B4F7 /* Alamofire.framework in Frameworks */ = {isa = PBXBuildFile; fileRef = 85426CE51E5778CA0070B4F7 /* Alamofire.framework */; };
		85426CF31E57796E0070B4F7 /* Alamofire.framework in Embed Frameworks */ = {isa = PBXBuildFile; fileRef = 85426CE51E5778CA0070B4F7 /* Alamofire.framework */; settings = {ATTRIBUTES = (CodeSignOnCopy, RemoveHeadersOnCopy, ); }; };
		85DEDEC71E3BC39500AF8D6F /* AppDelegate.swift in Sources */ = {isa = PBXBuildFile; fileRef = 85DEDEC61E3BC39500AF8D6F /* AppDelegate.swift */; };
		85DEDEC91E3BC39500AF8D6F /* ViewController.swift in Sources */ = {isa = PBXBuildFile; fileRef = 85DEDEC81E3BC39500AF8D6F /* ViewController.swift */; };
		85DEDECC1E3BC39500AF8D6F /* Main.storyboard in Resources */ = {isa = PBXBuildFile; fileRef = 85DEDECA1E3BC39500AF8D6F /* Main.storyboard */; };
		85DEDECE1E3BC39500AF8D6F /* Assets.xcassets in Resources */ = {isa = PBXBuildFile; fileRef = 85DEDECD1E3BC39500AF8D6F /* Assets.xcassets */; };
		85DEDED11E3BC39500AF8D6F /* LaunchScreen.storyboard in Resources */ = {isa = PBXBuildFile; fileRef = 85DEDECF1E3BC39500AF8D6F /* LaunchScreen.storyboard */; };
		85DEDEDC1E3BC39500AF8D6F /* MoodieTests.swift in Sources */ = {isa = PBXBuildFile; fileRef = 85DEDEDB1E3BC39500AF8D6F /* MoodieTests.swift */; };
		85DEDEE71E3BC39500AF8D6F /* MoodieUITests.swift in Sources */ = {isa = PBXBuildFile; fileRef = 85DEDEE61E3BC39500AF8D6F /* MoodieUITests.swift */; };
		85DEDEF61E3BC84900AF8D6F /* Opcion.swift in Sources */ = {isa = PBXBuildFile; fileRef = 85DEDEF51E3BC84900AF8D6F /* Opcion.swift */; };
/* End PBXBuildFile section */

/* Begin PBXContainerItemProxy section */
		85426CE41E5778CA0070B4F7 /* PBXContainerItemProxy */ = {
			isa = PBXContainerItemProxy;
			containerPortal = 85426CD91E5778CA0070B4F7 /* Alamofire.xcodeproj */;
			proxyType = 2;
			remoteGlobalIDString = F8111E3319A95C8B0040E7D1;
			remoteInfo = "Alamofire iOS";
		};
		85426CE61E5778CA0070B4F7 /* PBXContainerItemProxy */ = {
			isa = PBXContainerItemProxy;
			containerPortal = 85426CD91E5778CA0070B4F7 /* Alamofire.xcodeproj */;
			proxyType = 2;
			remoteGlobalIDString = F8111E3E19A95C8B0040E7D1;
			remoteInfo = "Alamofire iOS Tests";
		};
		85426CE81E5778CA0070B4F7 /* PBXContainerItemProxy */ = {
			isa = PBXContainerItemProxy;
			containerPortal = 85426CD91E5778CA0070B4F7 /* Alamofire.xcodeproj */;
			proxyType = 2;
			remoteGlobalIDString = 4DD67C0B1A5C55C900ED2280;
			remoteInfo = "Alamofire macOS";
		};
		85426CEA1E5778CA0070B4F7 /* PBXContainerItemProxy */ = {
			isa = PBXContainerItemProxy;
			containerPortal = 85426CD91E5778CA0070B4F7 /* Alamofire.xcodeproj */;
			proxyType = 2;
			remoteGlobalIDString = F829C6B21A7A94F100A2CD59;
			remoteInfo = "Alamofire macOS Tests";
		};
		85426CEC1E5778CA0070B4F7 /* PBXContainerItemProxy */ = {
			isa = PBXContainerItemProxy;
			containerPortal = 85426CD91E5778CA0070B4F7 /* Alamofire.xcodeproj */;
			proxyType = 2;
			remoteGlobalIDString = 4CF626EF1BA7CB3E0011A099;
			remoteInfo = "Alamofire tvOS";
		};
		85426CEE1E5778CA0070B4F7 /* PBXContainerItemProxy */ = {
			isa = PBXContainerItemProxy;
			containerPortal = 85426CD91E5778CA0070B4F7 /* Alamofire.xcodeproj */;
			proxyType = 2;
			remoteGlobalIDString = 4CF626F81BA7CB3E0011A099;
			remoteInfo = "Alamofire tvOS Tests";
		};
		85426CF01E5778CA0070B4F7 /* PBXContainerItemProxy */ = {
			isa = PBXContainerItemProxy;
			containerPortal = 85426CD91E5778CA0070B4F7 /* Alamofire.xcodeproj */;
			proxyType = 2;
			remoteGlobalIDString = E4202FE01B667AA100C997FB;
			remoteInfo = "Alamofire watchOS";
		};
		85426CF41E57796E0070B4F7 /* PBXContainerItemProxy */ = {
			isa = PBXContainerItemProxy;
			containerPortal = 85426CD91E5778CA0070B4F7 /* Alamofire.xcodeproj */;
			proxyType = 1;
			remoteGlobalIDString = F8111E3219A95C8B0040E7D1;
			remoteInfo = "Alamofire iOS";
		};
		85DEDED81E3BC39500AF8D6F /* PBXContainerItemProxy */ = {
			isa = PBXContainerItemProxy;
			containerPortal = 85DEDEBB1E3BC39500AF8D6F /* Project object */;
			proxyType = 1;
			remoteGlobalIDString = 85DEDEC21E3BC39500AF8D6F;
			remoteInfo = Moodie;
		};
		85DEDEE31E3BC39500AF8D6F /* PBXContainerItemProxy */ = {
			isa = PBXContainerItemProxy;
			containerPortal = 85DEDEBB1E3BC39500AF8D6F /* Project object */;
			proxyType = 1;
			remoteGlobalIDString = 85DEDEC21E3BC39500AF8D6F;
			remoteInfo = Moodie;
		};
/* End PBXContainerItemProxy section */

/* Begin PBXCopyFilesBuildPhase section */
		855CE6001E450D4D000A6F74 /* Embed Frameworks */ = {
			isa = PBXCopyFilesBuildPhase;
			buildActionMask = 2147483647;
			dstPath = "";
			dstSubfolderSpec = 10;
			files = (
				85426CF31E57796E0070B4F7 /* Alamofire.framework in Embed Frameworks */,
			);
			name = "Embed Frameworks";
			runOnlyForDeploymentPostprocessing = 0;
		};
/* End PBXCopyFilesBuildPhase section */

/* Begin PBXFileReference section */
		1D3C2A5D1E693E1200A9747A /* ViewRecomendacion.swift */ = {isa = PBXFileReference; fileEncoding = 4; lastKnownFileType = sourcecode.swift; name = ViewRecomendacion.swift; path = ../ViewRecomendacion.swift; sourceTree = "<group>"; };
		85426CD91E5778CA0070B4F7 /* Alamofire.xcodeproj */ = {isa = PBXFileReference; lastKnownFileType = "wrapper.pb-project"; name = Alamofire.xcodeproj; path = Alamofire/Alamofire.xcodeproj; sourceTree = "<group>"; };
		85DEDEC31E3BC39500AF8D6F /* Moodie.app */ = {isa = PBXFileReference; explicitFileType = wrapper.application; includeInIndex = 0; path = Moodie.app; sourceTree = BUILT_PRODUCTS_DIR; };
		85DEDEC61E3BC39500AF8D6F /* AppDelegate.swift */ = {isa = PBXFileReference; lastKnownFileType = sourcecode.swift; path = AppDelegate.swift; sourceTree = "<group>"; };
		85DEDEC81E3BC39500AF8D6F /* ViewController.swift */ = {isa = PBXFileReference; lastKnownFileType = sourcecode.swift; path = ViewController.swift; sourceTree = "<group>"; };
		85DEDECB1E3BC39500AF8D6F /* Base */ = {isa = PBXFileReference; lastKnownFileType = file.storyboard; name = Base; path = Base.lproj/Main.storyboard; sourceTree = "<group>"; };
		85DEDECD1E3BC39500AF8D6F /* Assets.xcassets */ = {isa = PBXFileReference; lastKnownFileType = folder.assetcatalog; path = Assets.xcassets; sourceTree = "<group>"; };
		85DEDED01E3BC39500AF8D6F /* Base */ = {isa = PBXFileReference; lastKnownFileType = file.storyboard; name = Base; path = Base.lproj/LaunchScreen.storyboard; sourceTree = "<group>"; };
		85DEDED21E3BC39500AF8D6F /* Info.plist */ = {isa = PBXFileReference; lastKnownFileType = text.plist.xml; path = Info.plist; sourceTree = "<group>"; };
		85DEDED71E3BC39500AF8D6F /* MoodieTests.xctest */ = {isa = PBXFileReference; explicitFileType = wrapper.cfbundle; includeInIndex = 0; path = MoodieTests.xctest; sourceTree = BUILT_PRODUCTS_DIR; };
		85DEDEDB1E3BC39500AF8D6F /* MoodieTests.swift */ = {isa = PBXFileReference; lastKnownFileType = sourcecode.swift; path = MoodieTests.swift; sourceTree = "<group>"; };
		85DEDEDD1E3BC39500AF8D6F /* Info.plist */ = {isa = PBXFileReference; lastKnownFileType = text.plist.xml; path = Info.plist; sourceTree = "<group>"; };
		85DEDEE21E3BC39500AF8D6F /* MoodieUITests.xctest */ = {isa = PBXFileReference; explicitFileType = wrapper.cfbundle; includeInIndex = 0; path = MoodieUITests.xctest; sourceTree = BUILT_PRODUCTS_DIR; };
		85DEDEE61E3BC39500AF8D6F /* MoodieUITests.swift */ = {isa = PBXFileReference; lastKnownFileType = sourcecode.swift; path = MoodieUITests.swift; sourceTree = "<group>"; };
		85DEDEE81E3BC39500AF8D6F /* Info.plist */ = {isa = PBXFileReference; lastKnownFileType = text.plist.xml; path = Info.plist; sourceTree = "<group>"; };
		85DEDEF51E3BC84900AF8D6F /* Opcion.swift */ = {isa = PBXFileReference; fileEncoding = 4; lastKnownFileType = sourcecode.swift; path = Opcion.swift; sourceTree = "<group>"; };
/* End PBXFileReference section */

/* Begin PBXFrameworksBuildPhase section */
		85DEDEC01E3BC39500AF8D6F /* Frameworks */ = {
			isa = PBXFrameworksBuildPhase;
			buildActionMask = 2147483647;
			files = (
				85426CF21E57796E0070B4F7 /* Alamofire.framework in Frameworks */,
			);
			runOnlyForDeploymentPostprocessing = 0;
		};
		85DEDED41E3BC39500AF8D6F /* Frameworks */ = {
			isa = PBXFrameworksBuildPhase;
			buildActionMask = 2147483647;
			files = (
			);
			runOnlyForDeploymentPostprocessing = 0;
		};
		85DEDEDF1E3BC39500AF8D6F /* Frameworks */ = {
			isa = PBXFrameworksBuildPhase;
			buildActionMask = 2147483647;
			files = (
			);
			runOnlyForDeploymentPostprocessing = 0;
		};
/* End PBXFrameworksBuildPhase section */

/* Begin PBXGroup section */
		85426CDA1E5778CA0070B4F7 /* Products */ = {
			isa = PBXGroup;
			children = (
				85426CE51E5778CA0070B4F7 /* Alamofire.framework */,
				85426CE71E5778CA0070B4F7 /* Alamofire iOS Tests.xctest */,
				85426CE91E5778CA0070B4F7 /* Alamofire.framework */,
				85426CEB1E5778CA0070B4F7 /* Alamofire macOS Tests.xctest */,
				85426CED1E5778CA0070B4F7 /* Alamofire.framework */,
				85426CEF1E5778CA0070B4F7 /* Alamofire tvOS Tests.xctest */,
				85426CF11E5778CA0070B4F7 /* Alamofire.framework */,
			);
			name = Products;
			sourceTree = "<group>";
		};
		85DEDEBA1E3BC39500AF8D6F = {
			isa = PBXGroup;
			children = (
				85DEDEF81E3BC88B00AF8D6F /* Models */,
				85DEDEC51E3BC39500AF8D6F /* Moodie */,
				85DEDEDA1E3BC39500AF8D6F /* MoodieTests */,
				85DEDEE51E3BC39500AF8D6F /* MoodieUITests */,
				85DEDEC41E3BC39500AF8D6F /* Products */,
				85426CD91E5778CA0070B4F7 /* Alamofire.xcodeproj */,
			);
			sourceTree = "<group>";
		};
		85DEDEC41E3BC39500AF8D6F /* Products */ = {
			isa = PBXGroup;
			children = (
				85DEDEC31E3BC39500AF8D6F /* Moodie.app */,
				85DEDED71E3BC39500AF8D6F /* MoodieTests.xctest */,
				85DEDEE21E3BC39500AF8D6F /* MoodieUITests.xctest */,
			);
			name = Products;
			sourceTree = "<group>";
		};
		85DEDEC51E3BC39500AF8D6F /* Moodie */ = {
			isa = PBXGroup;
			children = (
				85DEDEC61E3BC39500AF8D6F /* AppDelegate.swift */,
				85DEDEF71E3BC85200AF8D6F /* ViewControllers */,
				85DEDEF41E3BC82100AF8D6F /* Storyboards */,
				85DEDECD1E3BC39500AF8D6F /* Assets.xcassets */,
				85DEDED21E3BC39500AF8D6F /* Info.plist */,
			);
			path = Moodie;
			sourceTree = "<group>";
		};
		85DEDEDA1E3BC39500AF8D6F /* MoodieTests */ = {
			isa = PBXGroup;
			children = (
				85DEDEDB1E3BC39500AF8D6F /* MoodieTests.swift */,
				85DEDEDD1E3BC39500AF8D6F /* Info.plist */,
			);
			path = MoodieTests;
			sourceTree = "<group>";
		};
		85DEDEE51E3BC39500AF8D6F /* MoodieUITests */ = {
			isa = PBXGroup;
			children = (
				85DEDEE61E3BC39500AF8D6F /* MoodieUITests.swift */,
				85DEDEE81E3BC39500AF8D6F /* Info.plist */,
			);
			path = MoodieUITests;
			sourceTree = "<group>";
		};
		85DEDEF41E3BC82100AF8D6F /* Storyboards */ = {
			isa = PBXGroup;
			children = (
				85DEDECF1E3BC39500AF8D6F /* LaunchScreen.storyboard */,
				85DEDECA1E3BC39500AF8D6F /* Main.storyboard */,
			);
			name = Storyboards;
			sourceTree = "<group>";
		};
		85DEDEF71E3BC85200AF8D6F /* ViewControllers */ = {
			isa = PBXGroup;
			children = (
				85DEDEC81E3BC39500AF8D6F /* ViewController.swift */,
				1D3C2A5D1E693E1200A9747A /* ViewRecomendacion.swift */,
			);
			name = ViewControllers;
			sourceTree = "<group>";
		};
		85DEDEF81E3BC88B00AF8D6F /* Models */ = {
			isa = PBXGroup;
			children = (
				85DEDEF51E3BC84900AF8D6F /* Opcion.swift */,
			);
			name = Models;
			sourceTree = "<group>";
		};
/* End PBXGroup section */

/* Begin PBXNativeTarget section */
		85DEDEC21E3BC39500AF8D6F /* Moodie */ = {
			isa = PBXNativeTarget;
			buildConfigurationList = 85DEDEEB1E3BC39500AF8D6F /* Build configuration list for PBXNativeTarget "Moodie" */;
			buildPhases = (
				85DEDEBF1E3BC39500AF8D6F /* Sources */,
				85DEDEC01E3BC39500AF8D6F /* Frameworks */,
				85DEDEC11E3BC39500AF8D6F /* Resources */,
				855CE6001E450D4D000A6F74 /* Embed Frameworks */,
			);
			buildRules = (
			);
			dependencies = (
				85426CF51E57796E0070B4F7 /* PBXTargetDependency */,
			);
			name = Moodie;
			productName = Moodie;
			productReference = 85DEDEC31E3BC39500AF8D6F /* Moodie.app */;
			productType = "com.apple.product-type.application";
		};
		85DEDED61E3BC39500AF8D6F /* MoodieTests */ = {
			isa = PBXNativeTarget;
			buildConfigurationList = 85DEDEEE1E3BC39500AF8D6F /* Build configuration list for PBXNativeTarget "MoodieTests" */;
			buildPhases = (
				85DEDED31E3BC39500AF8D6F /* Sources */,
				85DEDED41E3BC39500AF8D6F /* Frameworks */,
				85DEDED51E3BC39500AF8D6F /* Resources */,
			);
			buildRules = (
			);
			dependencies = (
				85DEDED91E3BC39500AF8D6F /* PBXTargetDependency */,
			);
			name = MoodieTests;
			productName = MoodieTests;
			productReference = 85DEDED71E3BC39500AF8D6F /* MoodieTests.xctest */;
			productType = "com.apple.product-type.bundle.unit-test";
		};
		85DEDEE11E3BC39500AF8D6F /* MoodieUITests */ = {
			isa = PBXNativeTarget;
			buildConfigurationList = 85DEDEF11E3BC39500AF8D6F /* Build configuration list for PBXNativeTarget "MoodieUITests" */;
			buildPhases = (
				85DEDEDE1E3BC39500AF8D6F /* Sources */,
				85DEDEDF1E3BC39500AF8D6F /* Frameworks */,
				85DEDEE01E3BC39500AF8D6F /* Resources */,
			);
			buildRules = (
			);
			dependencies = (
				85DEDEE41E3BC39500AF8D6F /* PBXTargetDependency */,
			);
			name = MoodieUITests;
			productName = MoodieUITests;
			productReference = 85DEDEE21E3BC39500AF8D6F /* MoodieUITests.xctest */;
			productType = "com.apple.product-type.bundle.ui-testing";
		};
/* End PBXNativeTarget section */

/* Begin PBXProject section */
		85DEDEBB1E3BC39500AF8D6F /* Project object */ = {
			isa = PBXProject;
			attributes = {
				LastSwiftUpdateCheck = 0730;
				LastUpgradeCheck = 0730;
				ORGANIZATIONNAME = Maestro;
				TargetAttributes = {
					85DEDEC21E3BC39500AF8D6F = {
						CreatedOnToolsVersion = 7.3.1;
						LastSwiftMigration = 0820;
					};
					85DEDED61E3BC39500AF8D6F = {
						CreatedOnToolsVersion = 7.3.1;
						LastSwiftMigration = 0820;
						TestTargetID = 85DEDEC21E3BC39500AF8D6F;
					};
					85DEDEE11E3BC39500AF8D6F = {
						CreatedOnToolsVersion = 7.3.1;
						LastSwiftMigration = 0820;
						TestTargetID = 85DEDEC21E3BC39500AF8D6F;
					};
				};
			};
			buildConfigurationList = 85DEDEBE1E3BC39500AF8D6F /* Build configuration list for PBXProject "Moodie" */;
			compatibilityVersion = "Xcode 3.2";
			developmentRegion = English;
			hasScannedForEncodings = 0;
			knownRegions = (
				en,
				Base,
			);
			mainGroup = 85DEDEBA1E3BC39500AF8D6F;
			productRefGroup = 85DEDEC41E3BC39500AF8D6F /* Products */;
			projectDirPath = "";
			projectReferences = (
				{
					ProductGroup = 85426CDA1E5778CA0070B4F7 /* Products */;
					ProjectRef = 85426CD91E5778CA0070B4F7 /* Alamofire.xcodeproj */;
				},
			);
			projectRoot = "";
			targets = (
				85DEDEC21E3BC39500AF8D6F /* Moodie */,
				85DEDED61E3BC39500AF8D6F /* MoodieTests */,
				85DEDEE11E3BC39500AF8D6F /* MoodieUITests */,
			);
		};
/* End PBXProject section */

/* Begin PBXReferenceProxy section */
		85426CE51E5778CA0070B4F7 /* Alamofire.framework */ = {
			isa = PBXReferenceProxy;
			fileType = wrapper.framework;
			path = Alamofire.framework;
			remoteRef = 85426CE41E5778CA0070B4F7 /* PBXContainerItemProxy */;
			sourceTree = BUILT_PRODUCTS_DIR;
		};
		85426CE71E5778CA0070B4F7 /* Alamofire iOS Tests.xctest */ = {
			isa = PBXReferenceProxy;
			fileType = wrapper.cfbundle;
			path = "Alamofire iOS Tests.xctest";
			remoteRef = 85426CE61E5778CA0070B4F7 /* PBXContainerItemProxy */;
			sourceTree = BUILT_PRODUCTS_DIR;
		};
		85426CE91E5778CA0070B4F7 /* Alamofire.framework */ = {
			isa = PBXReferenceProxy;
			fileType = wrapper.framework;
			path = Alamofire.framework;
			remoteRef = 85426CE81E5778CA0070B4F7 /* PBXContainerItemProxy */;
			sourceTree = BUILT_PRODUCTS_DIR;
		};
		85426CEB1E5778CA0070B4F7 /* Alamofire macOS Tests.xctest */ = {
			isa = PBXReferenceProxy;
			fileType = wrapper.cfbundle;
			path = "Alamofire macOS Tests.xctest";
			remoteRef = 85426CEA1E5778CA0070B4F7 /* PBXContainerItemProxy */;
			sourceTree = BUILT_PRODUCTS_DIR;
		};
		85426CED1E5778CA0070B4F7 /* Alamofire.framework */ = {
			isa = PBXReferenceProxy;
			fileType = wrapper.framework;
			path = Alamofire.framework;
			remoteRef = 85426CEC1E5778CA0070B4F7 /* PBXContainerItemProxy */;
			sourceTree = BUILT_PRODUCTS_DIR;
		};
		85426CEF1E5778CA0070B4F7 /* Alamofire tvOS Tests.xctest */ = {
			isa = PBXReferenceProxy;
			fileType = wrapper.cfbundle;
			path = "Alamofire tvOS Tests.xctest";
			remoteRef = 85426CEE1E5778CA0070B4F7 /* PBXContainerItemProxy */;
			sourceTree = BUILT_PRODUCTS_DIR;
		};
		85426CF11E5778CA0070B4F7 /* Alamofire.framework */ = {
			isa = PBXReferenceProxy;
			fileType = wrapper.framework;
			path = Alamofire.framework;
			remoteRef = 85426CF01E5778CA0070B4F7 /* PBXContainerItemProxy */;
			sourceTree = BUILT_PRODUCTS_DIR;
		};
/* End PBXReferenceProxy section */

/* Begin PBXResourcesBuildPhase section */
		85DEDEC11E3BC39500AF8D6F /* Resources */ = {
			isa = PBXResourcesBuildPhase;
			buildActionMask = 2147483647;
			files = (
				85DEDED11E3BC39500AF8D6F /* LaunchScreen.storyboard in Resources */,
				85DEDECE1E3BC39500AF8D6F /* Assets.xcassets in Resources */,
				85DEDECC1E3BC39500AF8D6F /* Main.storyboard in Resources */,
			);
			runOnlyForDeploymentPostprocessing = 0;
		};
		85DEDED51E3BC39500AF8D6F /* Resources */ = {
			isa = PBXResourcesBuildPhase;
			buildActionMask = 2147483647;
			files = (
			);
			runOnlyForDeploymentPostprocessing = 0;
		};
		85DEDEE01E3BC39500AF8D6F /* Resources */ = {
			isa = PBXResourcesBuildPhase;
			buildActionMask = 2147483647;
			files = (
			);
			runOnlyForDeploymentPostprocessing = 0;
		};
/* End PBXResourcesBuildPhase section */

/* Begin PBXSourcesBuildPhase section */
		85DEDEBF1E3BC39500AF8D6F /* Sources */ = {
			isa = PBXSourcesBuildPhase;
			buildActionMask = 2147483647;
			files = (
				1D3C2A5E1E693E1400A9747A /* ViewRecomendacion.swift in Sources */,
				85DEDEF61E3BC84900AF8D6F /* Opcion.swift in Sources */,
				85DEDEC91E3BC39500AF8D6F /* ViewController.swift in Sources */,
				85DEDEC71E3BC39500AF8D6F /* AppDelegate.swift in Sources */,
			);
			runOnlyForDeploymentPostprocessing = 0;
		};
		85DEDED31E3BC39500AF8D6F /* Sources */ = {
			isa = PBXSourcesBuildPhase;
			buildActionMask = 2147483647;
			files = (
				85DEDEDC1E3BC39500AF8D6F /* MoodieTests.swift in Sources */,
			);
			runOnlyForDeploymentPostprocessing = 0;
		};
		85DEDEDE1E3BC39500AF8D6F /* Sources */ = {
			isa = PBXSourcesBuildPhase;
			buildActionMask = 2147483647;
			files = (
				85DEDEE71E3BC39500AF8D6F /* MoodieUITests.swift in Sources */,
			);
			runOnlyForDeploymentPostprocessing = 0;
		};
/* End PBXSourcesBuildPhase section */

/* Begin PBXTargetDependency section */
		85426CF51E57796E0070B4F7 /* PBXTargetDependency */ = {
			isa = PBXTargetDependency;
			name = "Alamofire iOS";
			targetProxy = 85426CF41E57796E0070B4F7 /* PBXContainerItemProxy */;
		};
		85DEDED91E3BC39500AF8D6F /* PBXTargetDependency */ = {
			isa = PBXTargetDependency;
			target = 85DEDEC21E3BC39500AF8D6F /* Moodie */;
			targetProxy = 85DEDED81E3BC39500AF8D6F /* PBXContainerItemProxy */;
		};
		85DEDEE41E3BC39500AF8D6F /* PBXTargetDependency */ = {
			isa = PBXTargetDependency;
			target = 85DEDEC21E3BC39500AF8D6F /* Moodie */;
			targetProxy = 85DEDEE31E3BC39500AF8D6F /* PBXContainerItemProxy */;
		};
/* End PBXTargetDependency section */

/* Begin PBXVariantGroup section */
		85DEDECA1E3BC39500AF8D6F /* Main.storyboard */ = {
			isa = PBXVariantGroup;
			children = (
				85DEDECB1E3BC39500AF8D6F /* Base */,
			);
			name = Main.storyboard;
			sourceTree = "<group>";
		};
		85DEDECF1E3BC39500AF8D6F /* LaunchScreen.storyboard */ = {
			isa = PBXVariantGroup;
			children = (
				85DEDED01E3BC39500AF8D6F /* Base */,
			);
			name = LaunchScreen.storyboard;
			sourceTree = "<group>";
		};
/* End PBXVariantGroup section */

/* Begin XCBuildConfiguration section */
		85DEDEE91E3BC39500AF8D6F /* Debug */ = {
			isa = XCBuildConfiguration;
			buildSettings = {
				ALWAYS_SEARCH_USER_PATHS = NO;
				CLANG_ANALYZER_NONNULL = YES;
				CLANG_CXX_LANGUAGE_STANDARD = "gnu++0x";
				CLANG_CXX_LIBRARY = "libc++";
				CLANG_ENABLE_MODULES = YES;
				CLANG_ENABLE_OBJC_ARC = YES;
				CLANG_WARN_BOOL_CONVERSION = YES;
				CLANG_WARN_CONSTANT_CONVERSION = YES;
				CLANG_WARN_DIRECT_OBJC_ISA_USAGE = YES_ERROR;
				CLANG_WARN_EMPTY_BODY = YES;
				CLANG_WARN_ENUM_CONVERSION = YES;
				CLANG_WARN_INT_CONVERSION = YES;
				CLANG_WARN_OBJC_ROOT_CLASS = YES_ERROR;
				CLANG_WARN_UNREACHABLE_CODE = YES;
				CLANG_WARN__DUPLICATE_METHOD_MATCH = YES;
				"CODE_SIGN_IDENTITY[sdk=iphoneos*]" = "iPhone Developer";
				COPY_PHASE_STRIP = NO;
				DEBUG_INFORMATION_FORMAT = dwarf;
				ENABLE_STRICT_OBJC_MSGSEND = YES;
				ENABLE_TESTABILITY = YES;
				GCC_C_LANGUAGE_STANDARD = gnu99;
				GCC_DYNAMIC_NO_PIC = NO;
				GCC_NO_COMMON_BLOCKS = YES;
				GCC_OPTIMIZATION_LEVEL = 0;
				GCC_PREPROCESSOR_DEFINITIONS = (
					"DEBUG=1",
					"$(inherited)",
				);
				GCC_WARN_64_TO_32_BIT_CONVERSION = YES;
				GCC_WARN_ABOUT_RETURN_TYPE = YES_ERROR;
				GCC_WARN_UNDECLARED_SELECTOR = YES;
				GCC_WARN_UNINITIALIZED_AUTOS = YES_AGGRESSIVE;
				GCC_WARN_UNUSED_FUNCTION = YES;
				GCC_WARN_UNUSED_VARIABLE = YES;
				IPHONEOS_DEPLOYMENT_TARGET = 9.3;
				MTL_ENABLE_DEBUG_INFO = YES;
				ONLY_ACTIVE_ARCH = YES;
				SDKROOT = iphoneos;
				SWIFT_OPTIMIZATION_LEVEL = "-Onone";
				TARGETED_DEVICE_FAMILY = "1,2";
			};
			name = Debug;
		};
		85DEDEEA1E3BC39500AF8D6F /* Release */ = {
			isa = XCBuildConfiguration;
			buildSettings = {
				ALWAYS_SEARCH_USER_PATHS = NO;
				CLANG_ANALYZER_NONNULL = YES;
				CLANG_CXX_LANGUAGE_STANDARD = "gnu++0x";
				CLANG_CXX_LIBRARY = "libc++";
				CLANG_ENABLE_MODULES = YES;
				CLANG_ENABLE_OBJC_ARC = YES;
				CLANG_WARN_BOOL_CONVERSION = YES;
				CLANG_WARN_CONSTANT_CONVERSION = YES;
				CLANG_WARN_DIRECT_OBJC_ISA_USAGE = YES_ERROR;
				CLANG_WARN_EMPTY_BODY = YES;
				CLANG_WARN_ENUM_CONVERSION = YES;
				CLANG_WARN_INT_CONVERSION = YES;
				CLANG_WARN_OBJC_ROOT_CLASS = YES_ERROR;
				CLANG_WARN_UNREACHABLE_CODE = YES;
				CLANG_WARN__DUPLICATE_METHOD_MATCH = YES;
				"CODE_SIGN_IDENTITY[sdk=iphoneos*]" = "iPhone Developer";
				COPY_PHASE_STRIP = NO;
				DEBUG_INFORMATION_FORMAT = "dwarf-with-dsym";
				ENABLE_NS_ASSERTIONS = NO;
				ENABLE_STRICT_OBJC_MSGSEND = YES;
				GCC_C_LANGUAGE_STANDARD = gnu99;
				GCC_NO_COMMON_BLOCKS = YES;
				GCC_WARN_64_TO_32_BIT_CONVERSION = YES;
				GCC_WARN_ABOUT_RETURN_TYPE = YES_ERROR;
				GCC_WARN_UNDECLARED_SELECTOR = YES;
				GCC_WARN_UNINITIALIZED_AUTOS = YES_AGGRESSIVE;
				GCC_WARN_UNUSED_FUNCTION = YES;
				GCC_WARN_UNUSED_VARIABLE = YES;
				IPHONEOS_DEPLOYMENT_TARGET = 9.3;
				MTL_ENABLE_DEBUG_INFO = NO;
				SDKROOT = iphoneos;
				TARGETED_DEVICE_FAMILY = "1,2";
				VALIDATE_PRODUCT = YES;
			};
			name = Release;
		};
		85DEDEEC1E3BC39500AF8D6F /* Debug */ = {
			isa = XCBuildConfiguration;
			buildSettings = {
				ALWAYS_EMBED_SWIFT_STANDARD_LIBRARIES = YES;
				ASSETCATALOG_COMPILER_APPICON_NAME = AppIcon;
				EMBEDDED_CONTENT_CONTAINS_SWIFT = YES;
				INFOPLIST_FILE = Moodie/Info.plist;
				IPHONEOS_DEPLOYMENT_TARGET = 10.2;
				LD_RUNPATH_SEARCH_PATHS = "$(inherited) @executable_path/Frameworks";
				PRODUCT_BUNDLE_IDENTIFIER = DreamTeam.Moodie;
				PRODUCT_NAME = "$(TARGET_NAME)";
				SWIFT_VERSION = 3.0;
			};
			name = Debug;
		};
		85DEDEED1E3BC39500AF8D6F /* Release */ = {
			isa = XCBuildConfiguration;
			buildSettings = {
				ALWAYS_EMBED_SWIFT_STANDARD_LIBRARIES = YES;
				ASSETCATALOG_COMPILER_APPICON_NAME = AppIcon;
				EMBEDDED_CONTENT_CONTAINS_SWIFT = YES;
				INFOPLIST_FILE = Moodie/Info.plist;
				IPHONEOS_DEPLOYMENT_TARGET = 10.2;
				LD_RUNPATH_SEARCH_PATHS = "$(inherited) @executable_path/Frameworks";
				PRODUCT_BUNDLE_IDENTIFIER = DreamTeam.Moodie;
				PRODUCT_NAME = "$(TARGET_NAME)";
				SWIFT_VERSION = 3.0;
			};
			name = Release;
		};
		85DEDEEF1E3BC39500AF8D6F /* Debug */ = {
			isa = XCBuildConfiguration;
			buildSettings = {
				BUNDLE_LOADER = "$(TEST_HOST)";
				INFOPLIST_FILE = MoodieTests/Info.plist;
				LD_RUNPATH_SEARCH_PATHS = "$(inherited) @executable_path/Frameworks @loader_path/Frameworks";
				PRODUCT_BUNDLE_IDENTIFIER = DreamTeam.MoodieTests;
				PRODUCT_NAME = "$(TARGET_NAME)";
				SWIFT_VERSION = 3.0;
				TEST_HOST = "$(BUILT_PRODUCTS_DIR)/Moodie.app/Moodie";
			};
			name = Debug;
		};
		85DEDEF01E3BC39500AF8D6F /* Release */ = {
			isa = XCBuildConfiguration;
			buildSettings = {
				BUNDLE_LOADER = "$(TEST_HOST)";
				INFOPLIST_FILE = MoodieTests/Info.plist;
				LD_RUNPATH_SEARCH_PATHS = "$(inherited) @executable_path/Frameworks @loader_path/Frameworks";
				PRODUCT_BUNDLE_IDENTIFIER = DreamTeam.MoodieTests;
				PRODUCT_NAME = "$(TARGET_NAME)";
				SWIFT_VERSION = 3.0;
				TEST_HOST = "$(BUILT_PRODUCTS_DIR)/Moodie.app/Moodie";
			};
			name = Release;
		};
		85DEDEF21E3BC39500AF8D6F /* Debug */ = {
			isa = XCBuildConfiguration;
			buildSettings = {
				INFOPLIST_FILE = MoodieUITests/Info.plist;
				LD_RUNPATH_SEARCH_PATHS = "$(inherited) @executable_path/Frameworks @loader_path/Frameworks";
				PRODUCT_BUNDLE_IDENTIFIER = DreamTeam.MoodieUITests;
				PRODUCT_NAME = "$(TARGET_NAME)";
				SWIFT_VERSION = 3.0;
				TEST_TARGET_NAME = Moodie;
			};
			name = Debug;
		};
		85DEDEF31E3BC39500AF8D6F /* Release */ = {
			isa = XCBuildConfiguration;
			buildSettings = {
				INFOPLIST_FILE = MoodieUITests/Info.plist;
				LD_RUNPATH_SEARCH_PATHS = "$(inherited) @executable_path/Frameworks @loader_path/Frameworks";
				PRODUCT_BUNDLE_IDENTIFIER = DreamTeam.MoodieUITests;
				PRODUCT_NAME = "$(TARGET_NAME)";
				SWIFT_VERSION = 3.0;
				TEST_TARGET_NAME = Moodie;
			};
			name = Release;
		};
/* End XCBuildConfiguration section */

/* Begin XCConfigurationList section */
		85DEDEBE1E3BC39500AF8D6F /* Build configuration list for PBXProject "Moodie" */ = {
			isa = XCConfigurationList;
			buildConfigurations = (
				85DEDEE91E3BC39500AF8D6F /* Debug */,
				85DEDEEA1E3BC39500AF8D6F /* Release */,
			);
			defaultConfigurationIsVisible = 0;
			defaultConfigurationName = Release;
		};
		85DEDEEB1E3BC39500AF8D6F /* Build configuration list for PBXNativeTarget "Moodie" */ = {
			isa = XCConfigurationList;
			buildConfigurations = (
				85DEDEEC1E3BC39500AF8D6F /* Debug */,
				85DEDEED1E3BC39500AF8D6F /* Release */,
			);
			defaultConfigurationIsVisible = 0;
			defaultConfigurationName = Release;
		};
		85DEDEEE1E3BC39500AF8D6F /* Build configuration list for PBXNativeTarget "MoodieTests" */ = {
			isa = XCConfigurationList;
			buildConfigurations = (
				85DEDEEF1E3BC39500AF8D6F /* Debug */,
				85DEDEF01E3BC39500AF8D6F /* Release */,
			);
			defaultConfigurationIsVisible = 0;
			defaultConfigurationName = Release;
		};
		85DEDEF11E3BC39500AF8D6F /* Build configuration list for PBXNativeTarget "MoodieUITests" */ = {
			isa = XCConfigurationList;
			buildConfigurations = (
				85DEDEF21E3BC39500AF8D6F /* Debug */,
				85DEDEF31E3BC39500AF8D6F /* Release */,
			);
			defaultConfigurationIsVisible = 0;
			defaultConfigurationName = Release;
		};
/* End XCConfigurationList section */
	};
	rootObject = 85DEDEBB1E3BC39500AF8D6F /* Project object */;
}
